// !$*UTF8*$!
{
	archiveVersion = 1;
	classes = {
	};
	objectVersion = 56;
	objects = {

/* Begin PBXBuildFile section */
		3D444C7329D1FA610025B509 /* HomeViewController.swift in Sources */ = {isa = PBXBuildFile; fileRef = 3D444C7229D1FA610025B509 /* HomeViewController.swift */; };
		3D444C7529D20D0E0025B509 /* SignUpViewController.swift in Sources */ = {isa = PBXBuildFile; fileRef = 3D444C7429D20D0E0025B509 /* SignUpViewController.swift */; };
		3D444C7729D21B5B0025B509 /* SeekViewController.swift in Sources */ = {isa = PBXBuildFile; fileRef = 3D444C7629D21B5B0025B509 /* SeekViewController.swift */; };
		3D444C7929D220720025B509 /* IDViewController.swift in Sources */ = {isa = PBXBuildFile; fileRef = 3D444C7829D220720025B509 /* IDViewController.swift */; };
		3D444C7B29D47ABD0025B509 /* Colors.xcassets in Resources */ = {isa = PBXBuildFile; fileRef = 3D444C7A29D47ABD0025B509 /* Colors.xcassets */; };
		3D444C8129DAE5F00025B509 /* SignPasswordViewController.swift in Sources */ = {isa = PBXBuildFile; fileRef = 3D444C8029DAE5F00025B509 /* SignPasswordViewController.swift */; };
		3D444C8329DB3A100025B509 /* NickNameViewController.swift in Sources */ = {isa = PBXBuildFile; fileRef = 3D444C8229DB3A100025B509 /* NickNameViewController.swift */; };
		3D444C8529DBF6FD0025B509 /* CompleteViewController.swift in Sources */ = {isa = PBXBuildFile; fileRef = 3D444C8429DBF6FD0025B509 /* CompleteViewController.swift */; };
		3D697C7129D1D70B00D0CE41 /* AppDelegate.swift in Sources */ = {isa = PBXBuildFile; fileRef = 3D697C7029D1D70B00D0CE41 /* AppDelegate.swift */; };
		3D697C7329D1D70B00D0CE41 /* SceneDelegate.swift in Sources */ = {isa = PBXBuildFile; fileRef = 3D697C7229D1D70B00D0CE41 /* SceneDelegate.swift */; };
		3D697C7529D1D70B00D0CE41 /* ViewController.swift in Sources */ = {isa = PBXBuildFile; fileRef = 3D697C7429D1D70B00D0CE41 /* ViewController.swift */; };
		3D697C7A29D1D70C00D0CE41 /* Assets.xcassets in Resources */ = {isa = PBXBuildFile; fileRef = 3D697C7929D1D70C00D0CE41 /* Assets.xcassets */; };
		3D697C7D29D1D70C00D0CE41 /* LaunchScreen.storyboard in Resources */ = {isa = PBXBuildFile; fileRef = 3D697C7B29D1D70C00D0CE41 /* LaunchScreen.storyboard */; };
		3D8C877029DDB35B00E5CC8D /* AuthHeaderCustomView.swift in Sources */ = {isa = PBXBuildFile; fileRef = 3D8C876F29DDB35B00E5CC8D /* AuthHeaderCustomView.swift */; };
		3D8C877229DF0A8D00E5CC8D /* CustomTextField.swift in Sources */ = {isa = PBXBuildFile; fileRef = 3D8C877129DF0A8D00E5CC8D /* CustomTextField.swift */; };
		3D8C877529DF0BF500E5CC8D /* SubLabel.swift in Sources */ = {isa = PBXBuildFile; fileRef = 3D8C877429DF0BF500E5CC8D /* SubLabel.swift */; };
		3D8C877929DF197B00E5CC8D /* CustomButton.swift in Sources */ = {isa = PBXBuildFile; fileRef = 3D8C877829DF197B00E5CC8D /* CustomButton.swift */; };
		3D8C877B29DF1D0200E5CC8D /* OriginColorButton.swift in Sources */ = {isa = PBXBuildFile; fileRef = 3D8C877A29DF1D0200E5CC8D /* OriginColorButton.swift */; };
		6B5CDBC8D736C5DDE4203A39 /* Pods_Dotori_tutorial.framework in Frameworks */ = {isa = PBXBuildFile; fileRef = 76F881370251082021C8DE04 /* Pods_Dotori_tutorial.framework */; };
/* End PBXBuildFile section */

/* Begin PBXFileReference section */
		3D444C7229D1FA610025B509 /* HomeViewController.swift */ = {isa = PBXFileReference; lastKnownFileType = sourcecode.swift; path = HomeViewController.swift; sourceTree = "<group>"; };
		3D444C7429D20D0E0025B509 /* SignUpViewController.swift */ = {isa = PBXFileReference; lastKnownFileType = sourcecode.swift; path = SignUpViewController.swift; sourceTree = "<group>"; };
		3D444C7629D21B5B0025B509 /* SeekViewController.swift */ = {isa = PBXFileReference; lastKnownFileType = sourcecode.swift; path = SeekViewController.swift; sourceTree = "<group>"; };
		3D444C7829D220720025B509 /* IDViewController.swift */ = {isa = PBXFileReference; lastKnownFileType = sourcecode.swift; path = IDViewController.swift; sourceTree = "<group>"; };
		3D444C7A29D47ABD0025B509 /* Colors.xcassets */ = {isa = PBXFileReference; lastKnownFileType = folder.assetcatalog; path = Colors.xcassets; sourceTree = "<group>"; };
		3D444C8029DAE5F00025B509 /* SignPasswordViewController.swift */ = {isa = PBXFileReference; lastKnownFileType = sourcecode.swift; path = SignPasswordViewController.swift; sourceTree = "<group>"; };
		3D444C8229DB3A100025B509 /* NickNameViewController.swift */ = {isa = PBXFileReference; lastKnownFileType = sourcecode.swift; path = NickNameViewController.swift; sourceTree = "<group>"; };
		3D444C8429DBF6FD0025B509 /* CompleteViewController.swift */ = {isa = PBXFileReference; lastKnownFileType = sourcecode.swift; path = CompleteViewController.swift; sourceTree = "<group>"; };
		3D697C6D29D1D70B00D0CE41 /* Dotori_tutorial.app */ = {isa = PBXFileReference; explicitFileType = wrapper.application; includeInIndex = 0; path = Dotori_tutorial.app; sourceTree = BUILT_PRODUCTS_DIR; };
		3D697C7029D1D70B00D0CE41 /* AppDelegate.swift */ = {isa = PBXFileReference; lastKnownFileType = sourcecode.swift; path = AppDelegate.swift; sourceTree = "<group>"; };
		3D697C7229D1D70B00D0CE41 /* SceneDelegate.swift */ = {isa = PBXFileReference; lastKnownFileType = sourcecode.swift; path = SceneDelegate.swift; sourceTree = "<group>"; };
		3D697C7429D1D70B00D0CE41 /* ViewController.swift */ = {isa = PBXFileReference; lastKnownFileType = sourcecode.swift; path = ViewController.swift; sourceTree = "<group>"; };
		3D697C7929D1D70C00D0CE41 /* Assets.xcassets */ = {isa = PBXFileReference; lastKnownFileType = folder.assetcatalog; path = Assets.xcassets; sourceTree = "<group>"; };
		3D697C7C29D1D70C00D0CE41 /* Base */ = {isa = PBXFileReference; lastKnownFileType = file.storyboard; name = Base; path = Base.lproj/LaunchScreen.storyboard; sourceTree = "<group>"; };
		3D697C7E29D1D70C00D0CE41 /* Info.plist */ = {isa = PBXFileReference; lastKnownFileType = text.plist.xml; path = Info.plist; sourceTree = "<group>"; };
		3D8C876F29DDB35B00E5CC8D /* AuthHeaderCustomView.swift */ = {isa = PBXFileReference; lastKnownFileType = sourcecode.swift; path = AuthHeaderCustomView.swift; sourceTree = "<group>"; };
		3D8C877129DF0A8D00E5CC8D /* CustomTextField.swift */ = {isa = PBXFileReference; lastKnownFileType = sourcecode.swift; path = CustomTextField.swift; sourceTree = "<group>"; };
		3D8C877429DF0BF500E5CC8D /* SubLabel.swift */ = {isa = PBXFileReference; lastKnownFileType = sourcecode.swift; path = SubLabel.swift; sourceTree = "<group>"; };
		3D8C877829DF197B00E5CC8D /* CustomButton.swift */ = {isa = PBXFileReference; lastKnownFileType = sourcecode.swift; path = CustomButton.swift; sourceTree = "<group>"; };
		3D8C877A29DF1D0200E5CC8D /* OriginColorButton.swift */ = {isa = PBXFileReference; lastKnownFileType = sourcecode.swift; path = OriginColorButton.swift; sourceTree = "<group>"; };
		720EEE021208D7971FE8EEE3 /* Pods-Dotori_tutorial.debug.xcconfig */ = {isa = PBXFileReference; includeInIndex = 1; lastKnownFileType = text.xcconfig; name = "Pods-Dotori_tutorial.debug.xcconfig"; path = "Target Support Files/Pods-Dotori_tutorial/Pods-Dotori_tutorial.debug.xcconfig"; sourceTree = "<group>"; };
		76F881370251082021C8DE04 /* Pods_Dotori_tutorial.framework */ = {isa = PBXFileReference; explicitFileType = wrapper.framework; includeInIndex = 0; path = Pods_Dotori_tutorial.framework; sourceTree = BUILT_PRODUCTS_DIR; };
		844A4A9F54FA712C0949D8CA /* Pods-Dotori_tutorial.release.xcconfig */ = {isa = PBXFileReference; includeInIndex = 1; lastKnownFileType = text.xcconfig; name = "Pods-Dotori_tutorial.release.xcconfig"; path = "Target Support Files/Pods-Dotori_tutorial/Pods-Dotori_tutorial.release.xcconfig"; sourceTree = "<group>"; };
/* End PBXFileReference section */

/* Begin PBXFrameworksBuildPhase section */
		3D697C6A29D1D70B00D0CE41 /* Frameworks */ = {
			isa = PBXFrameworksBuildPhase;
			buildActionMask = 2147483647;
			files = (
				6B5CDBC8D736C5DDE4203A39 /* Pods_Dotori_tutorial.framework in Frameworks */,
			);
			runOnlyForDeploymentPostprocessing = 0;
		};
/* End PBXFrameworksBuildPhase section */

/* Begin PBXGroup section */
		3D444C7C29D47AE60025B509 /* App */ = {
			isa = PBXGroup;
			children = (
				3D697C7029D1D70B00D0CE41 /* AppDelegate.swift */,
				3D697C7229D1D70B00D0CE41 /* SceneDelegate.swift */,
			);
			path = App;
			sourceTree = "<group>";
		};
		3D444C7E29D47AFA0025B509 /* ViewControllers */ = {
			isa = PBXGroup;
			children = (
				3D697C7429D1D70B00D0CE41 /* ViewController.swift */,
				3D444C7429D20D0E0025B509 /* SignUpViewController.swift */,
				3D444C8029DAE5F00025B509 /* SignPasswordViewController.swift */,
				3D444C8229DB3A100025B509 /* NickNameViewController.swift */,
				3D444C8429DBF6FD0025B509 /* CompleteViewController.swift */,
				3D444C7229D1FA610025B509 /* HomeViewController.swift */,
				3D444C7629D21B5B0025B509 /* SeekViewController.swift */,
				3D444C7829D220720025B509 /* IDViewController.swift */,
			);
			path = ViewControllers;
			sourceTree = "<group>";
		};
		3D444C7F29D47B040025B509 /* Resources */ = {
			isa = PBXGroup;
			children = (
				3D697C7B29D1D70C00D0CE41 /* LaunchScreen.storyboard */,
				3D697C7929D1D70C00D0CE41 /* Assets.xcassets */,
				3D444C7A29D47ABD0025B509 /* Colors.xcassets */,
			);
			path = Resources;
			sourceTree = "<group>";
		};
		3D697C6429D1D70B00D0CE41 = {
			isa = PBXGroup;
			children = (
				3D697C6F29D1D70B00D0CE41 /* Dotori_tutorial */,
				3D697C6E29D1D70B00D0CE41 /* Products */,
				73AEEAE349649E31B8698403 /* Pods */,
				80F5B85321644740D23D66FA /* Frameworks */,
			);
			sourceTree = "<group>";
		};
		3D697C6E29D1D70B00D0CE41 /* Products */ = {
			isa = PBXGroup;
			children = (
				3D697C6D29D1D70B00D0CE41 /* Dotori_tutorial.app */,
			);
			name = Products;
			sourceTree = "<group>";
		};
		3D697C6F29D1D70B00D0CE41 /* Dotori_tutorial */ = {
			isa = PBXGroup;
			children = (
				3D8C877329DF0BD400E5CC8D /* Custom */,
				3D444C7F29D47B040025B509 /* Resources */,
				3D444C7E29D47AFA0025B509 /* ViewControllers */,
				3D444C7C29D47AE60025B509 /* App */,
				3D697C7E29D1D70C00D0CE41 /* Info.plist */,
			);
			path = Dotori_tutorial;
			sourceTree = "<group>";
		};
		3D8C877329DF0BD400E5CC8D /* Custom */ = {
			isa = PBXGroup;
			children = (
				3D8C876F29DDB35B00E5CC8D /* AuthHeaderCustomView.swift */,
				3D8C877129DF0A8D00E5CC8D /* CustomTextField.swift */,
				3D8C877429DF0BF500E5CC8D /* SubLabel.swift */,
				3D8C877829DF197B00E5CC8D /* CustomButton.swift */,
				3D8C877A29DF1D0200E5CC8D /* OriginColorButton.swift */,
			);
			path = Custom;
			sourceTree = "<group>";
		};
		73AEEAE349649E31B8698403 /* Pods */ = {
			isa = PBXGroup;
			children = (
				720EEE021208D7971FE8EEE3 /* Pods-Dotori_tutorial.debug.xcconfig */,
				844A4A9F54FA712C0949D8CA /* Pods-Dotori_tutorial.release.xcconfig */,
			);
			path = Pods;
			sourceTree = "<group>";
		};
		80F5B85321644740D23D66FA /* Frameworks */ = {
			isa = PBXGroup;
			children = (
				76F881370251082021C8DE04 /* Pods_Dotori_tutorial.framework */,
			);
			name = Frameworks;
			sourceTree = "<group>";
		};
/* End PBXGroup section */

/* Begin PBXNativeTarget section */
		3D697C6C29D1D70B00D0CE41 /* Dotori_tutorial */ = {
			isa = PBXNativeTarget;
			buildConfigurationList = 3D697C8129D1D70C00D0CE41 /* Build configuration list for PBXNativeTarget "Dotori_tutorial" */;
			buildPhases = (
				E4EADF21B39CAF6AC2E0725A /* [CP] Check Pods Manifest.lock */,
				3D697C6929D1D70B00D0CE41 /* Sources */,
				3D697C6A29D1D70B00D0CE41 /* Frameworks */,
				3D697C6B29D1D70B00D0CE41 /* Resources */,
				A1BC41AE7105BF3C074A8222 /* [CP] Embed Pods Frameworks */,
			);
			buildRules = (
			);
			dependencies = (
			);
			name = Dotori_tutorial;
			productName = Dotori_tutorial;
			productReference = 3D697C6D29D1D70B00D0CE41 /* Dotori_tutorial.app */;
			productType = "com.apple.product-type.application";
		};
/* End PBXNativeTarget section */

/* Begin PBXProject section */
		3D697C6529D1D70B00D0CE41 /* Project object */ = {
			isa = PBXProject;
			attributes = {
				BuildIndependentTargetsInParallel = 1;
				LastSwiftUpdateCheck = 1420;
				LastUpgradeCheck = 1420;
				TargetAttributes = {
					3D697C6C29D1D70B00D0CE41 = {
						CreatedOnToolsVersion = 14.2;
					};
				};
			};
			buildConfigurationList = 3D697C6829D1D70B00D0CE41 /* Build configuration list for PBXProject "Dotori_tutorial" */;
			compatibilityVersion = "Xcode 14.0";
			developmentRegion = en;
			hasScannedForEncodings = 0;
			knownRegions = (
				en,
				Base,
			);
			mainGroup = 3D697C6429D1D70B00D0CE41;
			productRefGroup = 3D697C6E29D1D70B00D0CE41 /* Products */;
			projectDirPath = "";
			projectRoot = "";
			targets = (
				3D697C6C29D1D70B00D0CE41 /* Dotori_tutorial */,
			);
		};
/* End PBXProject section */

/* Begin PBXResourcesBuildPhase section */
		3D697C6B29D1D70B00D0CE41 /* Resources */ = {
			isa = PBXResourcesBuildPhase;
			buildActionMask = 2147483647;
			files = (
				3D697C7D29D1D70C00D0CE41 /* LaunchScreen.storyboard in Resources */,
				3D444C7B29D47ABD0025B509 /* Colors.xcassets in Resources */,
				3D697C7A29D1D70C00D0CE41 /* Assets.xcassets in Resources */,
			);
			runOnlyForDeploymentPostprocessing = 0;
		};
/* End PBXResourcesBuildPhase section */

/* Begin PBXShellScriptBuildPhase section */
		A1BC41AE7105BF3C074A8222 /* [CP] Embed Pods Frameworks */ = {
			isa = PBXShellScriptBuildPhase;
			buildActionMask = 2147483647;
			files = (
			);
			inputFileListPaths = (
				"${PODS_ROOT}/Target Support Files/Pods-Dotori_tutorial/Pods-Dotori_tutorial-frameworks-${CONFIGURATION}-input-files.xcfilelist",
			);
			name = "[CP] Embed Pods Frameworks";
			outputFileListPaths = (
				"${PODS_ROOT}/Target Support Files/Pods-Dotori_tutorial/Pods-Dotori_tutorial-frameworks-${CONFIGURATION}-output-files.xcfilelist",
			);
			runOnlyForDeploymentPostprocessing = 0;
			shellPath = /bin/sh;
			shellScript = "\"${PODS_ROOT}/Target Support Files/Pods-Dotori_tutorial/Pods-Dotori_tutorial-frameworks.sh\"\n";
			showEnvVarsInLog = 0;
		};
		E4EADF21B39CAF6AC2E0725A /* [CP] Check Pods Manifest.lock */ = {
			isa = PBXShellScriptBuildPhase;
			buildActionMask = 2147483647;
			files = (
			);
			inputFileListPaths = (
			);
			inputPaths = (
				"${PODS_PODFILE_DIR_PATH}/Podfile.lock",
				"${PODS_ROOT}/Manifest.lock",
			);
			name = "[CP] Check Pods Manifest.lock";
			outputFileListPaths = (
			);
			outputPaths = (
				"$(DERIVED_FILE_DIR)/Pods-Dotori_tutorial-checkManifestLockResult.txt",
			);
			runOnlyForDeploymentPostprocessing = 0;
			shellPath = /bin/sh;
			shellScript = "diff \"${PODS_PODFILE_DIR_PATH}/Podfile.lock\" \"${PODS_ROOT}/Manifest.lock\" > /dev/null\nif [ $? != 0 ] ; then\n    # print error to STDERR\n    echo \"error: The sandbox is not in sync with the Podfile.lock. Run 'pod install' or update your CocoaPods installation.\" >&2\n    exit 1\nfi\n# This output is used by Xcode 'outputs' to avoid re-running this script phase.\necho \"SUCCESS\" > \"${SCRIPT_OUTPUT_FILE_0}\"\n";
			showEnvVarsInLog = 0;
		};
/* End PBXShellScriptBuildPhase section */

/* Begin PBXSourcesBuildPhase section */
		3D697C6929D1D70B00D0CE41 /* Sources */ = {
			isa = PBXSourcesBuildPhase;
			buildActionMask = 2147483647;
			files = (
				3D697C7529D1D70B00D0CE41 /* ViewController.swift in Sources */,
				3D444C8329DB3A100025B509 /* NickNameViewController.swift in Sources */,
				3D697C7129D1D70B00D0CE41 /* AppDelegate.swift in Sources */,
				3D444C7729D21B5B0025B509 /* SeekViewController.swift in Sources */,
				3D8C877929DF197B00E5CC8D /* CustomButton.swift in Sources */,
				3D444C7929D220720025B509 /* IDViewController.swift in Sources */,
				3D444C8129DAE5F00025B509 /* SignPasswordViewController.swift in Sources */,
				3D697C7329D1D70B00D0CE41 /* SceneDelegate.swift in Sources */,
				3D8C877B29DF1D0200E5CC8D /* OriginColorButton.swift in Sources */,
				3D8C877029DDB35B00E5CC8D /* AuthHeaderCustomView.swift in Sources */,
				3D8C877229DF0A8D00E5CC8D /* CustomTextField.swift in Sources */,
				3D444C7329D1FA610025B509 /* HomeViewController.swift in Sources */,
				3D444C8529DBF6FD0025B509 /* CompleteViewController.swift in Sources */,
				3D8C877529DF0BF500E5CC8D /* SubLabel.swift in Sources */,
				3D444C7529D20D0E0025B509 /* SignUpViewController.swift in Sources */,
			);
			runOnlyForDeploymentPostprocessing = 0;
		};
/* End PBXSourcesBuildPhase section */

/* Begin PBXVariantGroup section */
		3D697C7B29D1D70C00D0CE41 /* LaunchScreen.storyboard */ = {
			isa = PBXVariantGroup;
			children = (
				3D697C7C29D1D70C00D0CE41 /* Base */,
			);
			name = LaunchScreen.storyboard;
			sourceTree = "<group>";
		};
/* End PBXVariantGroup section */

/* Begin XCBuildConfiguration section */
		3D697C7F29D1D70C00D0CE41 /* Debug */ = {
			isa = XCBuildConfiguration;
			buildSettings = {
				ALWAYS_SEARCH_USER_PATHS = NO;
				CLANG_ANALYZER_NONNULL = YES;
				CLANG_ANALYZER_NUMBER_OBJECT_CONVERSION = YES_AGGRESSIVE;
				CLANG_CXX_LANGUAGE_STANDARD = "gnu++20";
				CLANG_ENABLE_MODULES = YES;
				CLANG_ENABLE_OBJC_ARC = YES;
				CLANG_ENABLE_OBJC_WEAK = YES;
				CLANG_WARN_BLOCK_CAPTURE_AUTORELEASING = YES;
				CLANG_WARN_BOOL_CONVERSION = YES;
				CLANG_WARN_COMMA = YES;
				CLANG_WARN_CONSTANT_CONVERSION = YES;
				CLANG_WARN_DEPRECATED_OBJC_IMPLEMENTATIONS = YES;
				CLANG_WARN_DIRECT_OBJC_ISA_USAGE = YES_ERROR;
				CLANG_WARN_DOCUMENTATION_COMMENTS = YES;
				CLANG_WARN_EMPTY_BODY = YES;
				CLANG_WARN_ENUM_CONVERSION = YES;
				CLANG_WARN_INFINITE_RECURSION = YES;
				CLANG_WARN_INT_CONVERSION = YES;
				CLANG_WARN_NON_LITERAL_NULL_CONVERSION = YES;
				CLANG_WARN_OBJC_IMPLICIT_RETAIN_SELF = YES;
				CLANG_WARN_OBJC_LITERAL_CONVERSION = YES;
				CLANG_WARN_OBJC_ROOT_CLASS = YES_ERROR;
				CLANG_WARN_QUOTED_INCLUDE_IN_FRAMEWORK_HEADER = YES;
				CLANG_WARN_RANGE_LOOP_ANALYSIS = YES;
				CLANG_WARN_STRICT_PROTOTYPES = YES;
				CLANG_WARN_SUSPICIOUS_MOVE = YES;
				CLANG_WARN_UNGUARDED_AVAILABILITY = YES_AGGRESSIVE;
				CLANG_WARN_UNREACHABLE_CODE = YES;
				CLANG_WARN__DUPLICATE_METHOD_MATCH = YES;
				COPY_PHASE_STRIP = NO;
				DEBUG_INFORMATION_FORMAT = dwarf;
				ENABLE_STRICT_OBJC_MSGSEND = YES;
				ENABLE_TESTABILITY = YES;
				GCC_C_LANGUAGE_STANDARD = gnu11;
				GCC_DYNAMIC_NO_PIC = NO;
				GCC_NO_COMMON_BLOCKS = YES;
				GCC_OPTIMIZATION_LEVEL = 0;
				GCC_PREPROCESSOR_DEFINITIONS = (
					"DEBUG=1",
					"$(inherited)",
				);
				GCC_WARN_64_TO_32_BIT_CONVERSION = YES;
				GCC_WARN_ABOUT_RETURN_TYPE = YES_ERROR;
				GCC_WARN_UNDECLARED_SELECTOR = YES;
				GCC_WARN_UNINITIALIZED_AUTOS = YES_AGGRESSIVE;
				GCC_WARN_UNUSED_FUNCTION = YES;
				GCC_WARN_UNUSED_VARIABLE = YES;
				IPHONEOS_DEPLOYMENT_TARGET = 16.2;
				MTL_ENABLE_DEBUG_INFO = INCLUDE_SOURCE;
				MTL_FAST_MATH = YES;
				ONLY_ACTIVE_ARCH = YES;
				SDKROOT = iphoneos;
				SWIFT_ACTIVE_COMPILATION_CONDITIONS = DEBUG;
				SWIFT_OPTIMIZATION_LEVEL = "-Onone";
			};
			name = Debug;
		};
		3D697C8029D1D70C00D0CE41 /* Release */ = {
			isa = XCBuildConfiguration;
			buildSettings = {
				ALWAYS_SEARCH_USER_PATHS = NO;
				CLANG_ANALYZER_NONNULL = YES;
				CLANG_ANALYZER_NUMBER_OBJECT_CONVERSION = YES_AGGRESSIVE;
				CLANG_CXX_LANGUAGE_STANDARD = "gnu++20";
				CLANG_ENABLE_MODULES = YES;
				CLANG_ENABLE_OBJC_ARC = YES;
				CLANG_ENABLE_OBJC_WEAK = YES;
				CLANG_WARN_BLOCK_CAPTURE_AUTORELEASING = YES;
				CLANG_WARN_BOOL_CONVERSION = YES;
				CLANG_WARN_COMMA = YES;
				CLANG_WARN_CONSTANT_CONVERSION = YES;
				CLANG_WARN_DEPRECATED_OBJC_IMPLEMENTATIONS = YES;
				CLANG_WARN_DIRECT_OBJC_ISA_USAGE = YES_ERROR;
				CLANG_WARN_DOCUMENTATION_COMMENTS = YES;
				CLANG_WARN_EMPTY_BODY = YES;
				CLANG_WARN_ENUM_CONVERSION = YES;
				CLANG_WARN_INFINITE_RECURSION = YES;
				CLANG_WARN_INT_CONVERSION = YES;
				CLANG_WARN_NON_LITERAL_NULL_CONVERSION = YES;
				CLANG_WARN_OBJC_IMPLICIT_RETAIN_SELF = YES;
				CLANG_WARN_OBJC_LITERAL_CONVERSION = YES;
				CLANG_WARN_OBJC_ROOT_CLASS = YES_ERROR;
				CLANG_WARN_QUOTED_INCLUDE_IN_FRAMEWORK_HEADER = YES;
				CLANG_WARN_RANGE_LOOP_ANALYSIS = YES;
				CLANG_WARN_STRICT_PROTOTYPES = YES;
				CLANG_WARN_SUSPICIOUS_MOVE = YES;
				CLANG_WARN_UNGUARDED_AVAILABILITY = YES_AGGRESSIVE;
				CLANG_WARN_UNREACHABLE_CODE = YES;
				CLANG_WARN__DUPLICATE_METHOD_MATCH = YES;
				COPY_PHASE_STRIP = NO;
				DEBUG_INFORMATION_FORMAT = "dwarf-with-dsym";
				ENABLE_NS_ASSERTIONS = NO;
				ENABLE_STRICT_OBJC_MSGSEND = YES;
				GCC_C_LANGUAGE_STANDARD = gnu11;
				GCC_NO_COMMON_BLOCKS = YES;
				GCC_WARN_64_TO_32_BIT_CONVERSION = YES;
				GCC_WARN_ABOUT_RETURN_TYPE = YES_ERROR;
				GCC_WARN_UNDECLARED_SELECTOR = YES;
				GCC_WARN_UNINITIALIZED_AUTOS = YES_AGGRESSIVE;
				GCC_WARN_UNUSED_FUNCTION = YES;
				GCC_WARN_UNUSED_VARIABLE = YES;
				IPHONEOS_DEPLOYMENT_TARGET = 16.2;
				MTL_ENABLE_DEBUG_INFO = NO;
				MTL_FAST_MATH = YES;
				SDKROOT = iphoneos;
				SWIFT_COMPILATION_MODE = wholemodule;
				SWIFT_OPTIMIZATION_LEVEL = "-O";
				VALIDATE_PRODUCT = YES;
			};
			name = Release;
		};
		3D697C8229D1D70C00D0CE41 /* Debug */ = {
			isa = XCBuildConfiguration;
			baseConfigurationReference = 720EEE021208D7971FE8EEE3 /* Pods-Dotori_tutorial.debug.xcconfig */;
			buildSettings = {
				ASSETCATALOG_COMPILER_APPICON_NAME = AppIcon;
				ASSETCATALOG_COMPILER_GLOBAL_ACCENT_COLOR_NAME = AccentColor;
				CODE_SIGN_STYLE = Automatic;
				CURRENT_PROJECT_VERSION = 1;
				DEVELOPMENT_TEAM = 6WZYJKR3V9;
				GENERATE_INFOPLIST_FILE = YES;
				INFOPLIST_FILE = Dotori_tutorial/Info.plist;
				INFOPLIST_KEY_UIApplicationSupportsIndirectInputEvents = YES;
				INFOPLIST_KEY_UILaunchStoryboardName = LaunchScreen;
				INFOPLIST_KEY_UISupportedInterfaceOrientations_iPad = "UIInterfaceOrientationPortrait UIInterfaceOrientationPortraitUpsideDown UIInterfaceOrientationLandscapeLeft UIInterfaceOrientationLandscapeRight";
				INFOPLIST_KEY_UISupportedInterfaceOrientations_iPhone = "UIInterfaceOrientationPortrait UIInterfaceOrientationLandscapeLeft UIInterfaceOrientationLandscapeRight";
				LD_RUNPATH_SEARCH_PATHS = (
					"$(inherited)",
					"@executable_path/Frameworks",
				);
				MARKETING_VERSION = 1.0;
				PRODUCT_BUNDLE_IDENTIFIER = "com.KHcoding.Dotori-tutorial";
				PRODUCT_NAME = "$(TARGET_NAME)";
				SWIFT_EMIT_LOC_STRINGS = YES;
				SWIFT_VERSION = 5.0;
				TARGETED_DEVICE_FAMILY = "1,2";
			};
			name = Debug;
		};
		3D697C8329D1D70C00D0CE41 /* Release */ = {
			isa = XCBuildConfiguration;
			baseConfigurationReference = 844A4A9F54FA712C0949D8CA /* Pods-Dotori_tutorial.release.xcconfig */;
			buildSettings = {
				ASSETCATALOG_COMPILER_APPICON_NAME = AppIcon;
				ASSETCATALOG_COMPILER_GLOBAL_ACCENT_COLOR_NAME = AccentColor;
				CODE_SIGN_STYLE = Automatic;
				CURRENT_PROJECT_VERSION = 1;
				DEVELOPMENT_TEAM = 6WZYJKR3V9;
				GENERATE_INFOPLIST_FILE = YES;
				INFOPLIST_FILE = Dotori_tutorial/Info.plist;
				INFOPLIST_KEY_UIApplicationSupportsIndirectInputEvents = YES;
				INFOPLIST_KEY_UILaunchStoryboardName = LaunchScreen;
				INFOPLIST_KEY_UISupportedInterfaceOrientations_iPad = "UIInterfaceOrientationPortrait UIInterfaceOrientationPortraitUpsideDown UIInterfaceOrientationLandscapeLeft UIInterfaceOrientationLandscapeRight";
				INFOPLIST_KEY_UISupportedInterfaceOrientations_iPhone = "UIInterfaceOrientationPortrait UIInterfaceOrientationLandscapeLeft UIInterfaceOrientationLandscapeRight";
				LD_RUNPATH_SEARCH_PATHS = (
					"$(inherited)",
					"@executable_path/Frameworks",
				);
				MARKETING_VERSION = 1.0;
				PRODUCT_BUNDLE_IDENTIFIER = "com.KHcoding.Dotori-tutorial";
				PRODUCT_NAME = "$(TARGET_NAME)";
				SWIFT_EMIT_LOC_STRINGS = YES;
				SWIFT_VERSION = 5.0;
				TARGETED_DEVICE_FAMILY = "1,2";
			};
			name = Release;
		};
/* End XCBuildConfiguration section */

/* Begin XCConfigurationList section */
		3D697C6829D1D70B00D0CE41 /* Build configuration list for PBXProject "Dotori_tutorial" */ = {
			isa = XCConfigurationList;
			buildConfigurations = (
				3D697C7F29D1D70C00D0CE41 /* Debug */,
				3D697C8029D1D70C00D0CE41 /* Release */,
			);
			defaultConfigurationIsVisible = 0;
			defaultConfigurationName = Release;
		};
		3D697C8129D1D70C00D0CE41 /* Build configuration list for PBXNativeTarget "Dotori_tutorial" */ = {
			isa = XCConfigurationList;
			buildConfigurations = (
				3D697C8229D1D70C00D0CE41 /* Debug */,
				3D697C8329D1D70C00D0CE41 /* Release */,
			);
			defaultConfigurationIsVisible = 0;
			defaultConfigurationName = Release;
		};
/* End XCConfigurationList section */
	};
	rootObject = 3D697C6529D1D70B00D0CE41 /* Project object */;
}
